
Microsoft Visual Studio Solution File, Format Version 12.00
# Visual Studio Version 17
VisualStudioVersion = 17.10.35013.160
MinimumVisualStudioVersion = 10.0.40219.1
Project("{FAE04EC0-301F-11D3-BF4B-00C04F79EFBC}") = "CPWorkout", "CPWorkout.csproj", "{F862876B-C8F0-4187-97E3-D4316BE101FB}"
EndProject
Global
	GlobalSection(SolutionConfigurationPlatforms) = preSolution
		Debug|Any CPU = Debug|Any CPU
		Release|Any CPU = Release|Any CPU
	EndGlobalSection
	GlobalSection(ProjectConfigurationPlatforms) = postSolution
		{F862876B-C8F0-4187-97E3-D4316BE101FB}.Debug|Any CPU.ActiveCfg = Debug|Any CPU
		{F862876B-C8F0-4187-97E3-D4316BE101FB}.Debug|Any CPU.Build.0 = Debug|Any CPU
		{F862876B-C8F0-4187-97E3-D4316BE101FB}.Release|Any CPU.ActiveCfg = Release|Any CPU
		{F862876B-C8F0-4187-97E3-D4316BE101FB}.Release|Any CPU.Build.0 = Release|Any CPU
	EndGlobalSection
	GlobalSection(SolutionProperties) = preSolution
		HideSolutionNode = FALSE
	EndGlobalSection
	GlobalSection(ExtensibilityGlobals) = postSolution
		SolutionGuid = {8FE5A9BB-D78A-4C0F-91F8-08A3A944C3A4}
	EndGlobalSection
EndGlobal
